# This file is autogenerated, do not edit; changes may be undone by the next 'dep ensure'.


[[projects]]
  name = "github.com/Sirupsen/logrus"
  packages = ["."]
  revision = "f006c2ac4710855cf0f916dd6b77acf6b048dc6e"
  version = "v1.0.3"

[[projects]]
  name = "github.com/astaxie/beego"
  packages = ["httplib"]
  revision = "d96289a81bf67728cff7a19b067aaecc65a62ec6"
  version = "v1.9.0"

[[projects]]
  name = "github.com/urfave/cli"
  packages = ["."]
  revision = "cfb38830724cc34fedffe9a2a29fb54fa9169cd1"
  version = "v1.20.0"

[[projects]]
  branch = "master"
  name = "golang.org/x/crypto"
  packages = ["ssh/terminal"]
  revision = "faadfbdc035307d901e69eea569f5dda451a3ee3"

[[projects]]
  branch = "master"
  name = "golang.org/x/net"
  packages = ["idna","publicsuffix"]
  revision = "b129b8e0fbeb39c8358e51a07ab6c50ad415e72e"

[[projects]]
  branch = "master"
  name = "golang.org/x/sys"
  packages = ["unix","windows"]
  revision = "062cd7e4e68206d8bab9b18396626e855c992658"

[[projects]]
  branch = "master"
  name = "golang.org/x/text"
  packages = ["internal/gen","internal/triegen","internal/ucd","secure/bidirule","transform","unicode/bidi","unicode/cldr","unicode/norm","unicode/rangetable"]
  revision = "acd49d43e9b95df46670431bf5c7ae59586daad8"

[[projects]]
  branch = "v2"
  name = "gopkg.in/mgo.v2"
  packages = [".","bson","internal/json","internal/sasl","internal/scram"]
  revision = "3f83fa5005286a7fe593b055f0d7771a7dce4655"

[[projects]]
  name = "gopkg.in/resty.v0"
  packages = ["."]
  revision = "cf81ed0a604d373be63b4c036c6b05c06520615f"
  version = "v0.13"

[solve-meta]
  analyzer-name = "dep"
  analyzer-version = 1
  inputs-digest = "8a8f200d6644ca3094783f7699b24756de7343fed5d56c20a303838ecdeb0371"
  solver-name = "gps-cdcl"
  solver-version = 1
